{
  "meteor": {},
  "dependencies": {
    "basePackages": {
      "iron-router": {},
      "accounts-entry": {},
      "fast-render": {},
      "iron-router-progress": {},
      "bootstrap3-less": {}
    },
    "packages": {
      "iron-router": {
        "git": "https://github.com/EventedMind/iron-router.git",
        "tag": "v0.7.0",
        "commit": "05f34bc48c4cad9fdaa366c1ddcabe6980232ece"
      },
      "accounts-entry": {
        "git": "https://github.com/Differential/accounts-entry.git",
        "tag": "v0.7.2",
        "commit": "cda8617139b5edd79a52023986bfecb48e4b9dc4"
      },
      "fast-render": {
        "git": "https://github.com/arunoda/meteor-fast-render.git",
        "tag": "v0.1.24",
        "commit": "b1c2273d3a310440abc3f0c181b3861ac0752d05"
      },
      "iron-router-progress": {
        "git": "https://github.com/Multiply/iron-router-progress.git",
        "tag": "v0.3.1",
        "commit": "3f7900feb4bb70a1289b39a1fdcd1f438c0335b3"
      },
      "bootstrap3-less": {
        "git": "https://github.com/eprochasson/bootstrap3-less",
        "tag": "v0.1.9",
        "commit": "5c812c4d7ce72917a065f0424c3cf54e5ff2d16a"
      },
      "blaze-layout": {
        "git": "https://github.com/EventedMind/blaze-layout.git",
        "tag": "v0.2.2",
        "commit": "8bc53798fe5965669ae67c72f91829fcfdceabfd"
      },
      "just-i18n": {
        "git": "https://github.com/subhog/meteor-just-i18n.git",
        "tag": "v0.2.4",
        "commit": "91decfcf5b3b5e67f202a67658350b862330bf3d"
      },
      "accounts-t9n": {
        "git": "https://github.com/softwarerero/meteor-accounts-t9n.git",
        "tag": "v0.0.3",
        "commit": "d1710f979d6955459d9ce0374df81d22c3c6a6ab"
      }
    }
  }
}
