{
  "dependencies": {
    "traceur": {
      "version": "0.0.42",
      "dependencies": {
        "commander": {
          "version": "2.2.0"
        },
        "q-io": {
          "version": "1.10.9",
          "dependencies": {
            "q": {
              "version": "0.9.7"
            },
            "qs": {
              "version": "0.1.0"
            },
            "url2": {
              "version": "0.0.0"
            },
            "mime": {
              "version": "1.2.11"
            },
            "mimeparse": {
              "version": "0.1.4"
            },
            "collections": {
              "version": "0.2.2",
              "dependencies": {
                "weak-map": {
                  "version": "1.0.0"
                }
              }
            }
          }
        },
        "semver": {
          "version": "2.3.0"
        }
      }
    }
  }
}
