{
  "meteor": {},
  "dependencies": {
    "basePackages": {
      "harmony": {},
      "fast-render": {},
      "iron-router": {},
      "iron-router-progress": {},
      "bootstrap3-less": {}
    },
    "packages": {
      "harmony": {
        "git": "https://github.com/mquandalle/meteor-harmony.git",
        "tag": "v1.0.1+0.0.42",
        "commit": "cf5b3ee2579dcbc1db3bfb46bc1deb01bb118b30"
      },
      "fast-render": {
        "git": "https://github.com/arunoda/meteor-fast-render.git",
        "tag": "v0.2.5",
        "commit": "93e2fb334e55fbe9b5ebb2a2e65964018658f43e"
      },
      "iron-router": {
        "git": "https://github.com/EventedMind/iron-router.git",
        "tag": "v0.7.1",
        "commit": "d1ffb3f06ea4c112132b030f2eb1a70b81675ecb"
      },
      "iron-router-progress": {
        "git": "https://github.com/Multiply/iron-router-progress.git",
        "tag": "v0.4.0",
        "commit": "02f78bdaca4c13d59f548d5a0ce83408c34b56d1"
      },
      "bootstrap3-less": {
        "git": "https://github.com/eprochasson/bootstrap3-less",
        "tag": "v0.1.9",
        "commit": "5c812c4d7ce72917a065f0424c3cf54e5ff2d16a"
      },
      "blaze-layout": {
        "git": "https://github.com/EventedMind/blaze-layout.git",
        "tag": "v0.2.4",
        "commit": "b40e9b0612329288d75cf52ad14a7da64bb8618f"
      }
    }
  }
}
